// !$*UTF8*$!
{
	archiveVersion = 1;
	classes = {
	};
	objectVersion = 46;
	objects = {

/* Begin PBXBuildFile section */
		CCFD8A2C1DD6712C003D22E9 /* AppDelegate.swift in Sources */ = {isa = PBXBuildFile; fileRef = CCFD8A2B1DD6712C003D22E9 /* AppDelegate.swift */; };
		CCFD8A2E1DD6712C003D22E9 /* ViewController.swift in Sources */ = {isa = PBXBuildFile; fileRef = CCFD8A2D1DD6712C003D22E9 /* ViewController.swift */; };
		CCFD8A311DD6712C003D22E9 /* Main.storyboard in Resources */ = {isa = PBXBuildFile; fileRef = CCFD8A2F1DD6712C003D22E9 /* Main.storyboard */; };
		CCFD8A341DD6712C003D22E9 /* Perc_Whistle.xcdatamodeld in Sources */ = {isa = PBXBuildFile; fileRef = CCFD8A321DD6712C003D22E9 /* Perc_Whistle.xcdatamodeld */; };
		CCFD8A361DD6712C003D22E9 /* Assets.xcassets in Resources */ = {isa = PBXBuildFile; fileRef = CCFD8A351DD6712C003D22E9 /* Assets.xcassets */; };
		CCFD8A391DD6712C003D22E9 /* LaunchScreen.storyboard in Resources */ = {isa = PBXBuildFile; fileRef = CCFD8A371DD6712C003D22E9 /* LaunchScreen.storyboard */; };
		CCFD8A411DD67304003D22E9 /* PlayView.swift in Sources */ = {isa = PBXBuildFile; fileRef = CCFD8A401DD67304003D22E9 /* PlayView.swift */; };
		CCFD8A461DD673BC003D22E9 /* PlayControl.swift in Sources */ = {isa = PBXBuildFile; fileRef = CCFD8A451DD673BC003D22E9 /* PlayControl.swift */; };
		CCFD8A481DD673D4003D22E9 /* PlaySound.swift in Sources */ = {isa = PBXBuildFile; fileRef = CCFD8A471DD673D4003D22E9 /* PlaySound.swift */; };
		CCFD8A4A1DD67633003D22E9 /* AudioKit.framework in Frameworks */ = {isa = PBXBuildFile; fileRef = CCFD8A491DD67633003D22E9 /* AudioKit.framework */; };
		CCFD8A4B1DD67633003D22E9 /* AudioKit.framework in Embed Frameworks */ = {isa = PBXBuildFile; fileRef = CCFD8A491DD67633003D22E9 /* AudioKit.framework */; settings = {ATTRIBUTES = (CodeSignOnCopy, RemoveHeadersOnCopy, ); }; };
		CCFD8A4E1DD67ADA003D22E9 /* Sounds in Resources */ = {isa = PBXBuildFile; fileRef = CCFD8A4D1DD67ADA003D22E9 /* Sounds */; };
/* End PBXBuildFile section */

/* Begin PBXCopyFilesBuildPhase section */
		CCFD8A4C1DD67633003D22E9 /* Embed Frameworks */ = {
			isa = PBXCopyFilesBuildPhase;
			buildActionMask = 2147483647;
			dstPath = "";
			dstSubfolderSpec = 10;
			files = (
				CCFD8A4B1DD67633003D22E9 /* AudioKit.framework in Embed Frameworks */,
			);
			name = "Embed Frameworks";
			runOnlyForDeploymentPostprocessing = 0;
		};
/* End PBXCopyFilesBuildPhase section */

/* Begin PBXFileReference section */
		CCFD8A281DD6712C003D22E9 /* Perc_Whistle.app */ = {isa = PBXFileReference; explicitFileType = wrapper.application; includeInIndex = 0; path = Perc_Whistle.app; sourceTree = BUILT_PRODUCTS_DIR; };
		CCFD8A2B1DD6712C003D22E9 /* AppDelegate.swift */ = {isa = PBXFileReference; lastKnownFileType = sourcecode.swift; path = AppDelegate.swift; sourceTree = "<group>"; };
		CCFD8A2D1DD6712C003D22E9 /* ViewController.swift */ = {isa = PBXFileReference; lastKnownFileType = sourcecode.swift; path = ViewController.swift; sourceTree = "<group>"; };
		CCFD8A301DD6712C003D22E9 /* Base */ = {isa = PBXFileReference; lastKnownFileType = file.storyboard; name = Base; path = Base.lproj/Main.storyboard; sourceTree = "<group>"; };
		CCFD8A331DD6712C003D22E9 /* Perc_Whistle.xcdatamodel */ = {isa = PBXFileReference; lastKnownFileType = wrapper.xcdatamodel; path = Perc_Whistle.xcdatamodel; sourceTree = "<group>"; };
		CCFD8A351DD6712C003D22E9 /* Assets.xcassets */ = {isa = PBXFileReference; lastKnownFileType = folder.assetcatalog; path = Assets.xcassets; sourceTree = "<group>"; };
		CCFD8A381DD6712C003D22E9 /* Base */ = {isa = PBXFileReference; lastKnownFileType = file.storyboard; name = Base; path = Base.lproj/LaunchScreen.storyboard; sourceTree = "<group>"; };
		CCFD8A3A1DD6712C003D22E9 /* Info.plist */ = {isa = PBXFileReference; lastKnownFileType = text.plist.xml; path = Info.plist; sourceTree = "<group>"; };
		CCFD8A401DD67304003D22E9 /* PlayView.swift */ = {isa = PBXFileReference; fileEncoding = 4; lastKnownFileType = sourcecode.swift; name = PlayView.swift; path = ../PlayView.swift; sourceTree = "<group>"; };
		CCFD8A451DD673BC003D22E9 /* PlayControl.swift */ = {isa = PBXFileReference; fileEncoding = 4; lastKnownFileType = sourcecode.swift; path = PlayControl.swift; sourceTree = "<group>"; };
		CCFD8A471DD673D4003D22E9 /* PlaySound.swift */ = {isa = PBXFileReference; fileEncoding = 4; lastKnownFileType = sourcecode.swift; path = PlaySound.swift; sourceTree = "<group>"; };
		CCFD8A491DD67633003D22E9 /* AudioKit.framework */ = {isa = PBXFileReference; lastKnownFileType = wrapper.framework; path = AudioKit.framework; sourceTree = "<group>"; };
		CCFD8A4D1DD67ADA003D22E9 /* Sounds */ = {isa = PBXFileReference; lastKnownFileType = folder; path = Sounds; sourceTree = "<group>"; };
/* End PBXFileReference section */

/* Begin PBXFrameworksBuildPhase section */
		CCFD8A251DD6712C003D22E9 /* Frameworks */ = {
			isa = PBXFrameworksBuildPhase;
			buildActionMask = 2147483647;
			files = (
				CCFD8A4A1DD67633003D22E9 /* AudioKit.framework in Frameworks */,
			);
			runOnlyForDeploymentPostprocessing = 0;
		};
/* End PBXFrameworksBuildPhase section */

/* Begin PBXGroup section */
		CCFD8A1F1DD6712C003D22E9 = {
			isa = PBXGroup;
			children = (
				CCFD8A491DD67633003D22E9 /* AudioKit.framework */,
				CCFD8A2A1DD6712C003D22E9 /* Perc_Whistle */,
				CCFD8A291DD6712C003D22E9 /* Products */,
				CCFD8A421DD67352003D22E9 /* Frameworks */,
			);
			sourceTree = "<group>";
		};
		CCFD8A291DD6712C003D22E9 /* Products */ = {
			isa = PBXGroup;
			children = (
				CCFD8A281DD6712C003D22E9 /* Perc_Whistle.app */,
			);
			name = Products;
			sourceTree = "<group>";
		};
		CCFD8A2A1DD6712C003D22E9 /* Perc_Whistle */ = {
			isa = PBXGroup;
			children = (
				CCFD8A4D1DD67ADA003D22E9 /* Sounds */,
				CCFD8A2B1DD6712C003D22E9 /* AppDelegate.swift */,
				CCFD8A2D1DD6712C003D22E9 /* ViewController.swift */,
				CCFD8A401DD67304003D22E9 /* PlayView.swift */,
				CCFD8A451DD673BC003D22E9 /* PlayControl.swift */,
				CCFD8A471DD673D4003D22E9 /* PlaySound.swift */,
				CCFD8A2F1DD6712C003D22E9 /* Main.storyboard */,
				CCFD8A351DD6712C003D22E9 /* Assets.xcassets */,
				CCFD8A371DD6712C003D22E9 /* LaunchScreen.storyboard */,
				CCFD8A3A1DD6712C003D22E9 /* Info.plist */,
				CCFD8A321DD6712C003D22E9 /* Perc_Whistle.xcdatamodeld */,
			);
			path = Perc_Whistle;
			sourceTree = "<group>";
		};
		CCFD8A421DD67352003D22E9 /* Frameworks */ = {
			isa = PBXGroup;
			children = (
			);
			name = Frameworks;
			sourceTree = "<group>";
		};
/* End PBXGroup section */

/* Begin PBXNativeTarget section */
		CCFD8A271DD6712C003D22E9 /* Perc_Whistle */ = {
			isa = PBXNativeTarget;
			buildConfigurationList = CCFD8A3D1DD6712C003D22E9 /* Build configuration list for PBXNativeTarget "Perc_Whistle" */;
			buildPhases = (
				CCFD8A241DD6712C003D22E9 /* Sources */,
				CCFD8A251DD6712C003D22E9 /* Frameworks */,
				CCFD8A261DD6712C003D22E9 /* Resources */,
				CCFD8A4C1DD67633003D22E9 /* Embed Frameworks */,
			);
			buildRules = (
			);
			dependencies = (
			);
			name = Perc_Whistle;
			productName = Perc_Whistle;
			productReference = CCFD8A281DD6712C003D22E9 /* Perc_Whistle.app */;
			productType = "com.apple.product-type.application";
		};
/* End PBXNativeTarget section */

/* Begin PBXProject section */
		CCFD8A201DD6712C003D22E9 /* Project object */ = {
			isa = PBXProject;
			attributes = {
				LastSwiftUpdateCheck = 0810;
				LastUpgradeCheck = 0810;
				ORGANIZATIONNAME = mike;
				TargetAttributes = {
					CCFD8A271DD6712C003D22E9 = {
						CreatedOnToolsVersion = 8.1;
						DevelopmentTeam = E7J9HS334L;
						ProvisioningStyle = Automatic;
					};
				};
			};
			buildConfigurationList = CCFD8A231DD6712C003D22E9 /* Build configuration list for PBXProject "Perc_Whistle" */;
			compatibilityVersion = "Xcode 3.2";
			developmentRegion = English;
			hasScannedForEncodings = 0;
			knownRegions = (
				en,
				Base,
			);
			mainGroup = CCFD8A1F1DD6712C003D22E9;
			productRefGroup = CCFD8A291DD6712C003D22E9 /* Products */;
			projectDirPath = "";
			projectRoot = "";
			targets = (
				CCFD8A271DD6712C003D22E9 /* Perc_Whistle */,
			);
		};
/* End PBXProject section */

/* Begin PBXResourcesBuildPhase section */
		CCFD8A261DD6712C003D22E9 /* Resources */ = {
			isa = PBXResourcesBuildPhase;
			buildActionMask = 2147483647;
			files = (
				CCFD8A391DD6712C003D22E9 /* LaunchScreen.storyboard in Resources */,
				CCFD8A361DD6712C003D22E9 /* Assets.xcassets in Resources */,
				CCFD8A4E1DD67ADA003D22E9 /* Sounds in Resources */,
				CCFD8A311DD6712C003D22E9 /* Main.storyboard in Resources */,
			);
			runOnlyForDeploymentPostprocessing = 0;
		};
/* End PBXResourcesBuildPhase section */

/* Begin PBXSourcesBuildPhase section */
		CCFD8A241DD6712C003D22E9 /* Sources */ = {
			isa = PBXSourcesBuildPhase;
			buildActionMask = 2147483647;
			files = (
				CCFD8A461DD673BC003D22E9 /* PlayControl.swift in Sources */,
				CCFD8A481DD673D4003D22E9 /* PlaySound.swift in Sources */,
				CCFD8A341DD6712C003D22E9 /* Perc_Whistle.xcdatamodeld in Sources */,
				CCFD8A2E1DD6712C003D22E9 /* ViewController.swift in Sources */,
				CCFD8A411DD67304003D22E9 /* PlayView.swift in Sources */,
				CCFD8A2C1DD6712C003D22E9 /* AppDelegate.swift in Sources */,
			);
			runOnlyForDeploymentPostprocessing = 0;
		};
/* End PBXSourcesBuildPhase section */

/* Begin PBXVariantGroup section */
		CCFD8A2F1DD6712C003D22E9 /* Main.storyboard */ = {
			isa = PBXVariantGroup;
			children = (
				CCFD8A301DD6712C003D22E9 /* Base */,
			);
			name = Main.storyboard;
			sourceTree = "<group>";
		};
		CCFD8A371DD6712C003D22E9 /* LaunchScreen.storyboard */ = {
			isa = PBXVariantGroup;
			children = (
				CCFD8A381DD6712C003D22E9 /* Base */,
			);
			name = LaunchScreen.storyboard;
			sourceTree = "<group>";
		};
/* End PBXVariantGroup section */

/* Begin XCBuildConfiguration section */
		CCFD8A3B1DD6712C003D22E9 /* Debug */ = {
			isa = XCBuildConfiguration;
			buildSettings = {
				ALWAYS_SEARCH_USER_PATHS = NO;
				CLANG_ANALYZER_NONNULL = YES;
				CLANG_CXX_LANGUAGE_STANDARD = "gnu++0x";
				CLANG_CXX_LIBRARY = "libc++";
				CLANG_ENABLE_MODULES = YES;
				CLANG_ENABLE_OBJC_ARC = YES;
				CLANG_WARN_BOOL_CONVERSION = YES;
				CLANG_WARN_CONSTANT_CONVERSION = YES;
				CLANG_WARN_DIRECT_OBJC_ISA_USAGE = YES_ERROR;
				CLANG_WARN_DOCUMENTATION_COMMENTS = YES;
				CLANG_WARN_EMPTY_BODY = YES;
				CLANG_WARN_ENUM_CONVERSION = YES;
				CLANG_WARN_INFINITE_RECURSION = YES;
				CLANG_WARN_INT_CONVERSION = YES;
				CLANG_WARN_OBJC_ROOT_CLASS = YES_ERROR;
				CLANG_WARN_SUSPICIOUS_MOVES = YES;
				CLANG_WARN_UNREACHABLE_CODE = YES;
				CLANG_WARN__DUPLICATE_METHOD_MATCH = YES;
				"CODE_SIGN_IDENTITY[sdk=iphoneos*]" = "iPhone Developer";
				COPY_PHASE_STRIP = NO;
				DEBUG_INFORMATION_FORMAT = dwarf;
				ENABLE_STRICT_OBJC_MSGSEND = YES;
				ENABLE_TESTABILITY = YES;
				GCC_C_LANGUAGE_STANDARD = gnu99;
				GCC_DYNAMIC_NO_PIC = NO;
				GCC_NO_COMMON_BLOCKS = YES;
				GCC_OPTIMIZATION_LEVEL = 0;
				GCC_PREPROCESSOR_DEFINITIONS = (
					"DEBUG=1",
					"$(inherited)",
				);
				GCC_WARN_64_TO_32_BIT_CONVERSION = YES;
				GCC_WARN_ABOUT_RETURN_TYPE = YES_ERROR;
				GCC_WARN_UNDECLARED_SELECTOR = YES;
				GCC_WARN_UNINITIALIZED_AUTOS = YES_AGGRESSIVE;
				GCC_WARN_UNUSED_FUNCTION = YES;
				GCC_WARN_UNUSED_VARIABLE = YES;
				IPHONEOS_DEPLOYMENT_TARGET = 10.1;
				MTL_ENABLE_DEBUG_INFO = YES;
				ONLY_ACTIVE_ARCH = YES;
				SDKROOT = iphoneos;
				SWIFT_ACTIVE_COMPILATION_CONDITIONS = DEBUG;
				SWIFT_OPTIMIZATION_LEVEL = "-Onone";
			};
			name = Debug;
		};
		CCFD8A3C1DD6712C003D22E9 /* Release */ = {
			isa = XCBuildConfiguration;
			buildSettings = {
				ALWAYS_SEARCH_USER_PATHS = NO;
				CLANG_ANALYZER_NONNULL = YES;
				CLANG_CXX_LANGUAGE_STANDARD = "gnu++0x";
				CLANG_CXX_LIBRARY = "libc++";
				CLANG_ENABLE_MODULES = YES;
				CLANG_ENABLE_OBJC_ARC = YES;
				CLANG_WARN_BOOL_CONVERSION = YES;
				CLANG_WARN_CONSTANT_CONVERSION = YES;
				CLANG_WARN_DIRECT_OBJC_ISA_USAGE = YES_ERROR;
				CLANG_WARN_DOCUMENTATION_COMMENTS = YES;
				CLANG_WARN_EMPTY_BODY = YES;
				CLANG_WARN_ENUM_CONVERSION = YES;
				CLANG_WARN_INFINITE_RECURSION = YES;
				CLANG_WARN_INT_CONVERSION = YES;
				CLANG_WARN_OBJC_ROOT_CLASS = YES_ERROR;
				CLANG_WARN_SUSPICIOUS_MOVES = YES;
				CLANG_WARN_UNREACHABLE_CODE = YES;
				CLANG_WARN__DUPLICATE_METHOD_MATCH = YES;
				"CODE_SIGN_IDENTITY[sdk=iphoneos*]" = "iPhone Developer";
				COPY_PHASE_STRIP = NO;
				DEBUG_INFORMATION_FORMAT = "dwarf-with-dsym";
				ENABLE_NS_ASSERTIONS = NO;
				ENABLE_STRICT_OBJC_MSGSEND = YES;
				GCC_C_LANGUAGE_STANDARD = gnu99;
				GCC_NO_COMMON_BLOCKS = YES;
				GCC_WARN_64_TO_32_BIT_CONVERSION = YES;
				GCC_WARN_ABOUT_RETURN_TYPE = YES_ERROR;
				GCC_WARN_UNDECLARED_SELECTOR = YES;
				GCC_WARN_UNINITIALIZED_AUTOS = YES_AGGRESSIVE;
				GCC_WARN_UNUSED_FUNCTION = YES;
				GCC_WARN_UNUSED_VARIABLE = YES;
				IPHONEOS_DEPLOYMENT_TARGET = 10.1;
				MTL_ENABLE_DEBUG_INFO = NO;
				SDKROOT = iphoneos;
				SWIFT_OPTIMIZATION_LEVEL = "-Owholemodule";
				VALIDATE_PRODUCT = YES;
			};
			name = Release;
		};
		CCFD8A3E1DD6712C003D22E9 /* Debug */ = {
			isa = XCBuildConfiguration;
			buildSettings = {
				ASSETCATALOG_COMPILER_APPICON_NAME = AppIcon;
				DEVELOPMENT_TEAM = E7J9HS334L;
				FRAMEWORK_SEARCH_PATHS = (
					"$(inherited)",
					"$(PROJECT_DIR)",
				);
				INFOPLIST_FILE = Perc_Whistle/Info.plist;
				LD_RUNPATH_SEARCH_PATHS = "$(inherited) @executable_path/Frameworks";
				PRODUCT_BUNDLE_IDENTIFIER = "asdf.Perc-Whistle";
				PRODUCT_NAME = "$(TARGET_NAME)";
				SWIFT_VERSION = 3.0;
			};
			name = Debug;
		};
		CCFD8A3F1DD6712C003D22E9 /* Release */ = {
			isa = XCBuildConfiguration;
			buildSettings = {
				ASSETCATALOG_COMPILER_APPICON_NAME = AppIcon;
				DEVELOPMENT_TEAM = E7J9HS334L;
				FRAMEWORK_SEARCH_PATHS = (
					"$(inherited)",
					"$(PROJECT_DIR)",
				);
				INFOPLIST_FILE = Perc_Whistle/Info.plist;
				LD_RUNPATH_SEARCH_PATHS = "$(inherited) @executable_path/Frameworks";
				PRODUCT_BUNDLE_IDENTIFIER = "asdf.Perc-Whistle";
				PRODUCT_NAME = "$(TARGET_NAME)";
				SWIFT_VERSION = 3.0;
			};
			name = Release;
		};
/* End XCBuildConfiguration section */

/* Begin XCConfigurationList section */
		CCFD8A231DD6712C003D22E9 /* Build configuration list for PBXProject "Perc_Whistle" */ = {
			isa = XCConfigurationList;
			buildConfigurations = (
				CCFD8A3B1DD6712C003D22E9 /* Debug */,
				CCFD8A3C1DD6712C003D22E9 /* Release */,
			);
			defaultConfigurationIsVisible = 0;
			defaultConfigurationName = Release;
		};
		CCFD8A3D1DD6712C003D22E9 /* Build configuration list for PBXNativeTarget "Perc_Whistle" */ = {
			isa = XCConfigurationList;
			buildConfigurations = (
				CCFD8A3E1DD6712C003D22E9 /* Debug */,
				CCFD8A3F1DD6712C003D22E9 /* Release */,
			);
			defaultConfigurationIsVisible = 0;
			defaultConfigurationName = Release;
		};
/* End XCConfigurationList section */

/* Begin XCVersionGroup section */
		CCFD8A321DD6712C003D22E9 /* Perc_Whistle.xcdatamodeld */ = {
			isa = XCVersionGroup;
			children = (
				CCFD8A331DD6712C003D22E9 /* Perc_Whistle.xcdatamodel */,
			);
			currentVersion = CCFD8A331DD6712C003D22E9 /* Perc_Whistle.xcdatamodel */;
			path = Perc_Whistle.xcdatamodeld;
			sourceTree = "<group>";
			versionGroupType = wrapper.xcdatamodel;
		};
/* End XCVersionGroup section */
	};
	rootObject = CCFD8A201DD6712C003D22E9 /* Project object */;
}
